github.com/nunocoracao/blowfish/v2 v2.55.0 h1:1bI/iFBh2NeJZ1KkySqtbwHZ4mTMUcjpTu4XDQxrDw0=
github.com/nunocoracao/blowfish/v2 v2.55.0/go.mod h1:4SkMc+Ht8gpQCwArqiHMBDP3soxi2OWuAhVney+cuyk=
github.com/nunocoracao/blowfish/v2 v2.78.0 h1:rPNg+RGMpLwlOAhdlYUAGdUMxTVwhkZH8VrDnt+WGvs=
github.com/nunocoracao/blowfish/v2 v2.78.0/go.mod h1:4SkMc+Ht8gpQCwArqiHMBDP3soxi2OWuAhVney+cuyk=
